PODS:
  - Reveal-SDK (4)

DEPENDENCIES:
  - Reveal-SDK (from `https://git.coding.net/kakukeme/Reveal-SDK.git`)

EXTERNAL SOURCES:
  Reveal-SDK:
    :git: https://git.coding.net/kakukeme/Reveal-SDK.git

CHECKOUT OPTIONS:
  Reveal-SDK:
    :commit: ffdbc623851467394a99effb2dfced2f61c358f1
    :git: https://git.coding.net/kakukeme/Reveal-SDK.git

SPEC CHECKSUMS:
  Reveal-SDK: 6504f524a2e7138913251139ba30a03b3da91792

PODFILE CHECKSUM: 6a85e3860947160d698a03ff5bdfa78997192479

COCOAPODS: 1.3.1
